// !$*UTF8*$!
{
	archiveVersion = 1;
	classes = {
	};
	objectVersion = 77;
	objects = {

/* Begin PBXBuildFile section */
		A1000001233456780000001A /* InsightApp.swift in Sources */ = {isa = PBXBuildFile; fileRef = A1000001233456780000000A /* InsightApp.swift */; };
		A1000001233456780000001B /* Exports.swift in Sources */ = {isa = PBXBuildFile; fileRef = A1000001233456780000000B /* Exports.swift */; };
		A1000001233456780000001C /* Author.swift in Sources */ = {isa = PBXBuildFile; fileRef = A1000001233456780000000C /* Author.swift */; };
		A1000001233456780000001D /* EmbeddingVector.swift in Sources */ = {isa = PBXBuildFile; fileRef = A1000001233456780000000D /* EmbeddingVector.swift */; };
		A1000001233456780000001E /* Paragraph.swift in Sources */ = {isa = PBXBuildFile; fileRef = A1000001233456780000000E /* Paragraph.swift */; };
		A10000012334567800000020 /* EmbeddingService.swift in Sources */ = {isa = PBXBuildFile; fileRef = A10000012334567800000010 /* EmbeddingService.swift */; };
		A10000012334567800000021 /* SemanticSearchEngine.swift in Sources */ = {isa = PBXBuildFile; fileRef = A10000012334567800000011 /* SemanticSearchEngine.swift */; };
		A10000012334567800000022 /* VectorStore.swift in Sources */ = {isa = PBXBuildFile; fileRef = A10000012334567800000012 /* VectorStore.swift */; };
		A10000012334567800000023 /* SearchViewModel.swift in Sources */ = {isa = PBXBuildFile; fileRef = A10000012334567800000013 /* SearchViewModel.swift */; };
		A10000012334567800000024 /* ContentView.swift in Sources */ = {isa = PBXBuildFile; fileRef = A10000012334567800000014 /* ContentView.swift */; };
		A10000012334567800000025 /* FilterView.swift in Sources */ = {isa = PBXBuildFile; fileRef = A10000012334567800000015 /* FilterView.swift */; };
		A10000012334567800000026 /* MainTabView.swift in Sources */ = {isa = PBXBuildFile; fileRef = A10000012334567800000016 /* MainTabView.swift */; };
		A10000012334567800000027 /* SettingsView.swift in Sources */ = {isa = PBXBuildFile; fileRef = A10000012334567800000017 /* SettingsView.swift */; };
		A10000012334567800000028 /* BahaiLibraryURLMapper.swift in Sources */ = {isa = PBXBuildFile; fileRef = A10000012334567800000018 /* BahaiLibraryURLMapper.swift */; };
		A10000012334567800000029 /* Assets.xcassets in Resources */ = {isa = PBXBuildFile; fileRef = A10000012334567800000019 /* Assets.xcassets */; };
		A1000001233456780000002A /* InsightAppTests.swift in Sources */ = {isa = PBXBuildFile; fileRef = A1000001233456780000002B /* InsightAppTests.swift */; };
		A100000123345678000000B1 /* BertTokenizer.swift in Sources */ = {isa = PBXBuildFile; fileRef = A100000123345678000000A1 /* BertTokenizer.swift */; };
		A100000123345678000000B2 /* MiniLM.mlpackage in Sources */ = {isa = PBXBuildFile; fileRef = A100000123345678000000A2 /* MiniLM.mlpackage */; };
		A100000123345678000000B3 /* vocab.txt in Resources */ = {isa = PBXBuildFile; fileRef = A100000123345678000000A3 /* vocab.txt */; };
		BCC86A172F1688BE00DD1EEB /* embeddings.json in Resources */ = {isa = PBXBuildFile; fileRef = BCC86A162F1688BE00DD1EEB /* embeddings.json */; };
/* End PBXBuildFile section */

/* Begin PBXContainerItemProxy section */
		A10000012334567800000040 /* PBXContainerItemProxy */ = {
			isa = PBXContainerItemProxy;
			containerPortal = A10000012334567800000001 /* Project object */;
			proxyType = 1;
			remoteGlobalIDString = A10000012334567800000030;
			remoteInfo = InsightApp;
		};
/* End PBXContainerItemProxy section */

/* Begin PBXFileReference section */
		A1000001233456780000000A /* InsightApp.swift */ = {isa = PBXFileReference; lastKnownFileType = sourcecode.swift; path = InsightApp.swift; sourceTree = "<group>"; };
		A1000001233456780000000B /* Exports.swift */ = {isa = PBXFileReference; lastKnownFileType = sourcecode.swift; path = Exports.swift; sourceTree = "<group>"; };
		A1000001233456780000000C /* Author.swift */ = {isa = PBXFileReference; lastKnownFileType = sourcecode.swift; path = Author.swift; sourceTree = "<group>"; };
		A1000001233456780000000D /* EmbeddingVector.swift */ = {isa = PBXFileReference; lastKnownFileType = sourcecode.swift; path = EmbeddingVector.swift; sourceTree = "<group>"; };
		A1000001233456780000000E /* Paragraph.swift */ = {isa = PBXFileReference; lastKnownFileType = sourcecode.swift; path = Paragraph.swift; sourceTree = "<group>"; };
		A10000012334567800000010 /* EmbeddingService.swift */ = {isa = PBXFileReference; lastKnownFileType = sourcecode.swift; path = EmbeddingService.swift; sourceTree = "<group>"; };
		A10000012334567800000011 /* SemanticSearchEngine.swift */ = {isa = PBXFileReference; lastKnownFileType = sourcecode.swift; path = SemanticSearchEngine.swift; sourceTree = "<group>"; };
		A10000012334567800000012 /* VectorStore.swift */ = {isa = PBXFileReference; lastKnownFileType = sourcecode.swift; path = VectorStore.swift; sourceTree = "<group>"; };
		A10000012334567800000013 /* SearchViewModel.swift */ = {isa = PBXFileReference; lastKnownFileType = sourcecode.swift; path = SearchViewModel.swift; sourceTree = "<group>"; };
		A10000012334567800000014 /* ContentView.swift */ = {isa = PBXFileReference; lastKnownFileType = sourcecode.swift; path = ContentView.swift; sourceTree = "<group>"; };
		A10000012334567800000015 /* FilterView.swift */ = {isa = PBXFileReference; lastKnownFileType = sourcecode.swift; path = FilterView.swift; sourceTree = "<group>"; };
		A10000012334567800000016 /* MainTabView.swift */ = {isa = PBXFileReference; lastKnownFileType = sourcecode.swift; path = MainTabView.swift; sourceTree = "<group>"; };
		A10000012334567800000017 /* SettingsView.swift */ = {isa = PBXFileReference; lastKnownFileType = sourcecode.swift; path = SettingsView.swift; sourceTree = "<group>"; };
		A10000012334567800000018 /* BahaiLibraryURLMapper.swift */ = {isa = PBXFileReference; lastKnownFileType = sourcecode.swift; path = BahaiLibraryURLMapper.swift; sourceTree = "<group>"; };
		A10000012334567800000019 /* Assets.xcassets */ = {isa = PBXFileReference; lastKnownFileType = folder.assetcatalog; path = Assets.xcassets; sourceTree = "<group>"; };
		A1000001233456780000002B /* InsightAppTests.swift */ = {isa = PBXFileReference; lastKnownFileType = sourcecode.swift; path = InsightAppTests.swift; sourceTree = "<group>"; };
		A10000012334567800000031 /* InsightApp.app */ = {isa = PBXFileReference; explicitFileType = wrapper.application; includeInIndex = 0; path = InsightApp.app; sourceTree = BUILT_PRODUCTS_DIR; };
		A10000012334567800000041 /* InsightAppTests.xctest */ = {isa = PBXFileReference; explicitFileType = wrapper.cfbundle; includeInIndex = 0; path = InsightAppTests.xctest; sourceTree = BUILT_PRODUCTS_DIR; };
		A100000123345678000000A1 /* BertTokenizer.swift */ = {isa = PBXFileReference; lastKnownFileType = sourcecode.swift; path = BertTokenizer.swift; sourceTree = "<group>"; };
		A100000123345678000000A2 /* MiniLM.mlpackage */ = {isa = PBXFileReference; lastKnownFileType = folder.mlpackage; path = MiniLM.mlpackage; sourceTree = "<group>"; };
		A100000123345678000000A3 /* vocab.txt */ = {isa = PBXFileReference; lastKnownFileType = text; path = vocab.txt; sourceTree = "<group>"; };
		BCC86A162F1688BE00DD1EEB /* embeddings.json */ = {isa = PBXFileReference; lastKnownFileType = text.json; path = embeddings.json; sourceTree = "<group>"; };
/* End PBXFileReference section */

/* Begin PBXFrameworksBuildPhase section */
		A10000012334567800000032 /* Frameworks */ = {
			isa = PBXFrameworksBuildPhase;
			buildActionMask = 2147483647;
			files = (
			);
			runOnlyForDeploymentPostprocessing = 0;
		};
		A10000012334567800000042 /* Frameworks */ = {
			isa = PBXFrameworksBuildPhase;
			buildActionMask = 2147483647;
			files = (
			);
			runOnlyForDeploymentPostprocessing = 0;
		};
/* End PBXFrameworksBuildPhase section */

/* Begin PBXGroup section */
		A10000012334567800000002 = {
			isa = PBXGroup;
			children = (
				A10000012334567800000003 /* Sources */,
				A10000012334567800000050 /* Tests */,
				A10000012334567800000004 /* Products */,
			);
			sourceTree = "<group>";
		};
		A10000012334567800000003 /* Sources */ = {
			isa = PBXGroup;
			children = (
				A10000012334567800000005 /* InsightApp */,
			);
			path = Sources;
			sourceTree = "<group>";
		};
		A10000012334567800000004 /* Products */ = {
			isa = PBXGroup;
			children = (
				A10000012334567800000031 /* InsightApp.app */,
				A10000012334567800000041 /* InsightAppTests.xctest */,
			);
			name = Products;
			sourceTree = "<group>";
		};
		A10000012334567800000005 /* InsightApp */ = {
			isa = PBXGroup;
			children = (
				A1000001233456780000000A /* InsightApp.swift */,
				A1000001233456780000000B /* Exports.swift */,
				A10000012334567800000006 /* Models */,
				A10000012334567800000007 /* Services */,
				A10000012334567800000008 /* ViewModels */,
				A10000012334567800000009 /* Views */,
				A1000001233456780000000F1 /* Extensions */,
				A1000001233456780000000F2 /* Resources */,
			);
			path = InsightApp;
			sourceTree = "<group>";
		};
		A10000012334567800000006 /* Models */ = {
			isa = PBXGroup;
			children = (
				A1000001233456780000000C /* Author.swift */,
				A1000001233456780000000D /* EmbeddingVector.swift */,
				A1000001233456780000000E /* Paragraph.swift */,
			);
			path = Models;
			sourceTree = "<group>";
		};
		A10000012334567800000007 /* Services */ = {
			isa = PBXGroup;
			children = (
				A100000123345678000000A1 /* BertTokenizer.swift */,
				A10000012334567800000010 /* EmbeddingService.swift */,
				A10000012334567800000011 /* SemanticSearchEngine.swift */,
				A10000012334567800000012 /* VectorStore.swift */,
			);
			path = Services;
			sourceTree = "<group>";
		};
		A10000012334567800000008 /* ViewModels */ = {
			isa = PBXGroup;
			children = (
				A10000012334567800000013 /* SearchViewModel.swift */,
			);
			path = ViewModels;
			sourceTree = "<group>";
		};
		A10000012334567800000009 /* Views */ = {
			isa = PBXGroup;
			children = (
				A10000012334567800000014 /* ContentView.swift */,
				A10000012334567800000015 /* FilterView.swift */,
				A10000012334567800000016 /* MainTabView.swift */,
				A10000012334567800000017 /* SettingsView.swift */,
			);
			path = Views;
			sourceTree = "<group>";
		};
		A1000001233456780000000F1 /* Extensions */ = {
			isa = PBXGroup;
			children = (
				A10000012334567800000018 /* BahaiLibraryURLMapper.swift */,
			);
			path = Extensions;
			sourceTree = "<group>";
		};
		A1000001233456780000000F2 /* Resources */ = {
			isa = PBXGroup;
			children = (
				BCC86A162F1688BE00DD1EEB /* embeddings.json */,
				A100000123345678000000A2 /* MiniLM.mlpackage */,
				A100000123345678000000A3 /* vocab.txt */,
				A10000012334567800000019 /* Assets.xcassets */,
			);
			path = Resources;
			sourceTree = "<group>";
		};
		A10000012334567800000050 /* Tests */ = {
			isa = PBXGroup;
			children = (
				A1000001233456780000002B /* InsightAppTests.swift */,
			);
			path = Tests;
			sourceTree = "<group>";
		};
/* End PBXGroup section */

/* Begin PBXNativeTarget section */
		A10000012334567800000030 /* InsightApp */ = {
			isa = PBXNativeTarget;
			buildConfigurationList = A10000012334567800000060 /* Build configuration list for PBXNativeTarget "InsightApp" */;
			buildPhases = (
				A10000012334567800000033 /* Sources */,
				A10000012334567800000032 /* Frameworks */,
				A10000012334567800000034 /* Resources */,
			);
			buildRules = (
			);
			dependencies = (
			);
			name = InsightApp;
			packageProductDependencies = (
			);
			productName = InsightApp;
			productReference = A10000012334567800000031 /* InsightApp.app */;
			productType = "com.apple.product-type.application";
		};
		A10000012334567800000043 /* InsightAppTests */ = {
			isa = PBXNativeTarget;
			buildConfigurationList = A10000012334567800000063 /* Build configuration list for PBXNativeTarget "InsightAppTests" */;
			buildPhases = (
				A10000012334567800000044 /* Sources */,
				A10000012334567800000042 /* Frameworks */,
			);
			buildRules = (
			);
			dependencies = (
				A10000012334567800000045 /* PBXTargetDependency */,
			);
			name = InsightAppTests;
			packageProductDependencies = (
			);
			productName = InsightAppTests;
			productReference = A10000012334567800000041 /* InsightAppTests.xctest */;
			productType = "com.apple.product-type.bundle.unit-test";
		};
/* End PBXNativeTarget section */

/* Begin PBXProject section */
		A10000012334567800000001 /* Project object */ = {
			isa = PBXProject;
			attributes = {
				BuildIndependentTargetsInParallel = 1;
				LastSwiftUpdateCheck = 1600;
				LastUpgradeCheck = 1600;
				TargetAttributes = {
					A10000012334567800000030 = {
						CreatedOnToolsVersion = 16.0;
					};
					A10000012334567800000043 = {
						CreatedOnToolsVersion = 16.0;
						TestTargetID = A10000012334567800000030;
					};
				};
			};
			buildConfigurationList = A10000012334567800000061 /* Build configuration list for PBXProject "InsightApp" */;
			developmentRegion = en;
			hasScannedForEncodings = 0;
			knownRegions = (
				en,
				Base,
			);
			mainGroup = A10000012334567800000002;
			minimizedProjectReferenceProxies = 1;
			packageReferences = (
			);
			preferredProjectObjectVersion = 77;
			productRefGroup = A10000012334567800000004 /* Products */;
			projectDirPath = "";
			projectRoot = "";
			targets = (
				A10000012334567800000030 /* InsightApp */,
				A10000012334567800000043 /* InsightAppTests */,
			);
		};
/* End PBXProject section */

/* Begin PBXResourcesBuildPhase section */
		A10000012334567800000034 /* Resources */ = {
			isa = PBXResourcesBuildPhase;
			buildActionMask = 2147483647;
			files = (
				A10000012334567800000029 /* Assets.xcassets in Resources */,
				A100000123345678000000B3 /* vocab.txt in Resources */,
				BCC86A172F1688BE00DD1EEB /* embeddings.json in Resources */,
			);
			runOnlyForDeploymentPostprocessing = 0;
		};
/* End PBXResourcesBuildPhase section */

/* Begin PBXSourcesBuildPhase section */
		A10000012334567800000033 /* Sources */ = {
			isa = PBXSourcesBuildPhase;
			buildActionMask = 2147483647;
			files = (
				A1000001233456780000001A /* InsightApp.swift in Sources */,
				A1000001233456780000001B /* Exports.swift in Sources */,
				A1000001233456780000001C /* Author.swift in Sources */,
				A1000001233456780000001D /* EmbeddingVector.swift in Sources */,
				A1000001233456780000001E /* Paragraph.swift in Sources */,
				A100000123345678000000B1 /* BertTokenizer.swift in Sources */,
				A10000012334567800000020 /* EmbeddingService.swift in Sources */,
				A10000012334567800000021 /* SemanticSearchEngine.swift in Sources */,
				A10000012334567800000022 /* VectorStore.swift in Sources */,
				A10000012334567800000023 /* SearchViewModel.swift in Sources */,
				A10000012334567800000024 /* ContentView.swift in Sources */,
				A10000012334567800000025 /* FilterView.swift in Sources */,
				A10000012334567800000026 /* MainTabView.swift in Sources */,
				A10000012334567800000027 /* SettingsView.swift in Sources */,
				A10000012334567800000028 /* BahaiLibraryURLMapper.swift in Sources */,
				A100000123345678000000B2 /* MiniLM.mlpackage in Sources */,
			);
			runOnlyForDeploymentPostprocessing = 0;
		};
		A10000012334567800000044 /* Sources */ = {
			isa = PBXSourcesBuildPhase;
			buildActionMask = 2147483647;
			files = (
				A1000001233456780000002A /* InsightAppTests.swift in Sources */,
			);
			runOnlyForDeploymentPostprocessing = 0;
		};
/* End PBXSourcesBuildPhase section */

/* Begin PBXTargetDependency section */
		A10000012334567800000045 /* PBXTargetDependency */ = {
			isa = PBXTargetDependency;
			target = A10000012334567800000030 /* InsightApp */;
			targetProxy = A10000012334567800000040 /* PBXContainerItemProxy */;
		};
/* End PBXTargetDependency section */

/* Begin XCBuildConfiguration section */
		A10000012334567800000051 /* Debug */ = {
			isa = XCBuildConfiguration;
			buildSettings = {
				ALWAYS_SEARCH_USER_PATHS = NO;
				ASSETCATALOG_COMPILER_GENERATE_SWIFT_ASSET_SYMBOL_EXTENSIONS = YES;
				CLANG_ANALYZER_NONNULL = YES;
				CLANG_ANALYZER_NUMBER_OBJECT_CONVERSION = YES_AGGRESSIVE;
				CLANG_CXX_LANGUAGE_STANDARD = "gnu++20";
				CLANG_ENABLE_MODULES = YES;
				CLANG_ENABLE_OBJC_ARC = YES;
				CLANG_ENABLE_OBJC_WEAK = YES;
				CLANG_WARN_BLOCK_CAPTURE_AUTORELEASING = YES;
				CLANG_WARN_BOOL_CONVERSION = YES;
				CLANG_WARN_COMMA = YES;
				CLANG_WARN_CONSTANT_CONVERSION = YES;
				CLANG_WARN_DEPRECATED_OBJC_IMPLEMENTATIONS = YES;
				CLANG_WARN_DIRECT_OBJC_ISA_USAGE = YES_ERROR;
				CLANG_WARN_DOCUMENTATION_COMMENTS = YES;
				CLANG_WARN_EMPTY_BODY = YES;
				CLANG_WARN_ENUM_CONVERSION = YES;
				CLANG_WARN_INFINITE_RECURSION = YES;
				CLANG_WARN_INT_CONVERSION = YES;
				CLANG_WARN_NON_LITERAL_NULL_CONVERSION = YES;
				CLANG_WARN_OBJC_IMPLICIT_RETAIN_SELF = YES;
				CLANG_WARN_OBJC_LITERAL_CONVERSION = YES;
				CLANG_WARN_OBJC_ROOT_CLASS = YES_ERROR;
				CLANG_WARN_QUOTED_INCLUDE_IN_FRAMEWORK_HEADER = YES;
				CLANG_WARN_RANGE_LOOP_ANALYSIS = YES;
				CLANG_WARN_STRICT_PROTOTYPES = YES;
				CLANG_WARN_SUSPICIOUS_MOVE = YES;
				CLANG_WARN_UNGUARDED_AVAILABILITY = YES_AGGRESSIVE;
				CLANG_WARN_UNREACHABLE_CODE = YES;
				CLANG_WARN__DUPLICATE_METHOD_MATCH = YES;
				COPY_PHASE_STRIP = NO;
				DEBUG_INFORMATION_FORMAT = dwarf;
				ENABLE_STRICT_OBJC_MSGSEND = YES;
				ENABLE_TESTABILITY = YES;
				ENABLE_USER_SCRIPT_SANDBOXING = YES;
				GCC_C_LANGUAGE_STANDARD = gnu17;
				GCC_DYNAMIC_NO_PIC = NO;
				GCC_NO_COMMON_BLOCKS = YES;
				GCC_OPTIMIZATION_LEVEL = 0;
				GCC_PREPROCESSOR_DEFINITIONS = (
					"DEBUG=1",
					"$(inherited)",
				);
				GCC_WARN_64_TO_32_BIT_CONVERSION = YES;
				GCC_WARN_ABOUT_RETURN_TYPE = YES_ERROR;
				GCC_WARN_UNDECLARED_SELECTOR = YES;
				GCC_WARN_UNINITIALIZED_AUTOS = YES_AGGRESSIVE;
				GCC_WARN_UNUSED_FUNCTION = YES;
				GCC_WARN_UNUSED_VARIABLE = YES;
				IPHONEOS_DEPLOYMENT_TARGET = 18.0;
				LOCALIZATION_PREFERS_STRING_CATALOGS = YES;
				MACOSX_DEPLOYMENT_TARGET = 15.0;
				MTL_ENABLE_DEBUG_INFO = INCLUDE_SOURCE;
				MTL_FAST_MATH = YES;
				ONLY_ACTIVE_ARCH = YES;
				SWIFT_ACTIVE_COMPILATION_CONDITIONS = "DEBUG $(inherited)";
				SWIFT_OPTIMIZATION_LEVEL = "-Onone";
				SWIFT_STRICT_CONCURRENCY = complete;
				SWIFT_VERSION = 6.0;
			};
			name = Debug;
		};
		A10000012334567800000052 /* Release */ = {
			isa = XCBuildConfiguration;
			buildSettings = {
				ALWAYS_SEARCH_USER_PATHS = NO;
				ASSETCATALOG_COMPILER_GENERATE_SWIFT_ASSET_SYMBOL_EXTENSIONS = YES;
				CLANG_ANALYZER_NONNULL = YES;
				CLANG_ANALYZER_NUMBER_OBJECT_CONVERSION = YES_AGGRESSIVE;
				CLANG_CXX_LANGUAGE_STANDARD = "gnu++20";
				CLANG_ENABLE_MODULES = YES;
				CLANG_ENABLE_OBJC_ARC = YES;
				CLANG_ENABLE_OBJC_WEAK = YES;
				CLANG_WARN_BLOCK_CAPTURE_AUTORELEASING = YES;
				CLANG_WARN_BOOL_CONVERSION = YES;
				CLANG_WARN_COMMA = YES;
				CLANG_WARN_CONSTANT_CONVERSION = YES;
				CLANG_WARN_DEPRECATED_OBJC_IMPLEMENTATIONS = YES;
				CLANG_WARN_DIRECT_OBJC_ISA_USAGE = YES_ERROR;
				CLANG_WARN_DOCUMENTATION_COMMENTS = YES;
				CLANG_WARN_EMPTY_BODY = YES;
				CLANG_WARN_ENUM_CONVERSION = YES;
				CLANG_WARN_INFINITE_RECURSION = YES;
				CLANG_WARN_INT_CONVERSION = YES;
				CLANG_WARN_NON_LITERAL_NULL_CONVERSION = YES;
				CLANG_WARN_OBJC_IMPLICIT_RETAIN_SELF = YES;
				CLANG_WARN_OBJC_LITERAL_CONVERSION = YES;
				CLANG_WARN_OBJC_ROOT_CLASS = YES_ERROR;
				CLANG_WARN_QUOTED_INCLUDE_IN_FRAMEWORK_HEADER = YES;
				CLANG_WARN_RANGE_LOOP_ANALYSIS = YES;
				CLANG_WARN_STRICT_PROTOTYPES = YES;
				CLANG_WARN_SUSPICIOUS_MOVE = YES;
				CLANG_WARN_UNGUARDED_AVAILABILITY = YES_AGGRESSIVE;
				CLANG_WARN_UNREACHABLE_CODE = YES;
				CLANG_WARN__DUPLICATE_METHOD_MATCH = YES;
				COPY_PHASE_STRIP = NO;
				DEBUG_INFORMATION_FORMAT = "dwarf-with-dsym";
				ENABLE_NS_ASSERTIONS = NO;
				ENABLE_STRICT_OBJC_MSGSEND = YES;
				ENABLE_USER_SCRIPT_SANDBOXING = YES;
				GCC_C_LANGUAGE_STANDARD = gnu17;
				GCC_NO_COMMON_BLOCKS = YES;
				GCC_WARN_64_TO_32_BIT_CONVERSION = YES;
				GCC_WARN_ABOUT_RETURN_TYPE = YES_ERROR;
				GCC_WARN_UNDECLARED_SELECTOR = YES;
				GCC_WARN_UNINITIALIZED_AUTOS = YES_AGGRESSIVE;
				GCC_WARN_UNUSED_FUNCTION = YES;
				GCC_WARN_UNUSED_VARIABLE = YES;
				IPHONEOS_DEPLOYMENT_TARGET = 18.0;
				LOCALIZATION_PREFERS_STRING_CATALOGS = YES;
				MACOSX_DEPLOYMENT_TARGET = 15.0;
				MTL_ENABLE_DEBUG_INFO = NO;
				MTL_FAST_MATH = YES;
				SWIFT_COMPILATION_MODE = wholemodule;
				SWIFT_STRICT_CONCURRENCY = complete;
				SWIFT_VERSION = 6.0;
			};
			name = Release;
		};
		A10000012334567800000053 /* Debug */ = {
			isa = XCBuildConfiguration;
			buildSettings = {
				ASSETCATALOG_COMPILER_APPICON_NAME = AppIcon;
				ASSETCATALOG_COMPILER_GLOBAL_ACCENT_COLOR_NAME = AccentColor;
				CODE_SIGN_ENTITLEMENTS = "";
				CODE_SIGN_STYLE = Automatic;
				CURRENT_PROJECT_VERSION = 1;
				DEVELOPMENT_TEAM = 56HHCW24LC;
				ENABLE_PREVIEWS = YES;
				GENERATE_INFOPLIST_FILE = YES;
				INFOPLIST_KEY_CFBundleDisplayName = Insight;
				INFOPLIST_KEY_LSApplicationCategoryType = "public.app-category.reference";
				INFOPLIST_KEY_UIApplicationSceneManifest_Generation = YES;
				INFOPLIST_KEY_UIApplicationSupportsIndirectInputEvents = YES;
				INFOPLIST_KEY_UILaunchScreen_Generation = YES;
				INFOPLIST_KEY_UISupportedInterfaceOrientations_iPad = "UIInterfaceOrientationPortrait UIInterfaceOrientationPortraitUpsideDown UIInterfaceOrientationLandscapeLeft UIInterfaceOrientationLandscapeRight";
				INFOPLIST_KEY_UISupportedInterfaceOrientations_iPhone = "UIInterfaceOrientationPortrait UIInterfaceOrientationLandscapeLeft UIInterfaceOrientationLandscapeRight";
				LD_RUNPATH_SEARCH_PATHS = (
					"$(inherited)",
					"@executable_path/Frameworks",
				);
				MARKETING_VERSION = 1.0;
				PRODUCT_BUNDLE_IDENTIFIER = com.nathanre.Insight;
				PRODUCT_NAME = "$(TARGET_NAME)";
				SDKROOT = auto;
				SUPPORTED_PLATFORMS = "iphoneos iphonesimulator macosx";
				SUPPORTS_MACCATALYST = NO;
				SUPPORTS_MAC_DESIGNED_FOR_IPHONE_IPAD = NO;
				SWIFT_EMIT_LOC_STRINGS = YES;
				SWIFT_VERSION = 6.0;
				TARGETED_DEVICE_FAMILY = "1,2";
			};
			name = Debug;
		};
		A10000012334567800000054 /* Release */ = {
			isa = XCBuildConfiguration;
			buildSettings = {
				ASSETCATALOG_COMPILER_APPICON_NAME = AppIcon;
				ASSETCATALOG_COMPILER_GLOBAL_ACCENT_COLOR_NAME = AccentColor;
				CODE_SIGN_ENTITLEMENTS = "";
				CODE_SIGN_STYLE = Automatic;
				CURRENT_PROJECT_VERSION = 1;
				DEVELOPMENT_TEAM = 56HHCW24LC;
				ENABLE_PREVIEWS = YES;
				GENERATE_INFOPLIST_FILE = YES;
				INFOPLIST_KEY_CFBundleDisplayName = Insight;
				INFOPLIST_KEY_LSApplicationCategoryType = "public.app-category.reference";
				INFOPLIST_KEY_UIApplicationSceneManifest_Generation = YES;
				INFOPLIST_KEY_UIApplicationSupportsIndirectInputEvents = YES;
				INFOPLIST_KEY_UILaunchScreen_Generation = YES;
				INFOPLIST_KEY_UISupportedInterfaceOrientations_iPad = "UIInterfaceOrientationPortrait UIInterfaceOrientationPortraitUpsideDown UIInterfaceOrientationLandscapeLeft UIInterfaceOrientationLandscapeRight";
				INFOPLIST_KEY_UISupportedInterfaceOrientations_iPhone = "UIInterfaceOrientationPortrait UIInterfaceOrientationLandscapeLeft UIInterfaceOrientationLandscapeRight";
				LD_RUNPATH_SEARCH_PATHS = (
					"$(inherited)",
					"@executable_path/Frameworks",
				);
				MARKETING_VERSION = 1.0;
				PRODUCT_BUNDLE_IDENTIFIER = com.nathanre.Insight;
				PRODUCT_NAME = "$(TARGET_NAME)";
				SDKROOT = auto;
				SUPPORTED_PLATFORMS = "iphoneos iphonesimulator macosx";
				SUPPORTS_MACCATALYST = NO;
				SUPPORTS_MAC_DESIGNED_FOR_IPHONE_IPAD = NO;
				SWIFT_EMIT_LOC_STRINGS = YES;
				SWIFT_VERSION = 6.0;
				TARGETED_DEVICE_FAMILY = "1,2";
			};
			name = Release;
		};
		A10000012334567800000055 /* Debug */ = {
			isa = XCBuildConfiguration;
			buildSettings = {
				BUNDLE_LOADER = "$(TEST_HOST)";
				CODE_SIGN_STYLE = Automatic;
				CURRENT_PROJECT_VERSION = 1;
				DEVELOPMENT_TEAM = "";
				GENERATE_INFOPLIST_FILE = YES;
				IPHONEOS_DEPLOYMENT_TARGET = 18.0;
				MACOSX_DEPLOYMENT_TARGET = 15.0;
				MARKETING_VERSION = 1.0;
				PRODUCT_BUNDLE_IDENTIFIER = com.yourname.InsightAppTests;
				PRODUCT_NAME = "$(TARGET_NAME)";
				SDKROOT = auto;
				SUPPORTED_PLATFORMS = "iphoneos iphonesimulator macosx";
				SUPPORTS_MACCATALYST = NO;
				SUPPORTS_MAC_DESIGNED_FOR_IPHONE_IPAD = NO;
				SWIFT_EMIT_LOC_STRINGS = NO;
				SWIFT_VERSION = 6.0;
				TARGETED_DEVICE_FAMILY = "1,2";
				TEST_HOST = "$(BUILT_PRODUCTS_DIR)/InsightApp.app/$(BUNDLE_EXECUTABLE_FOLDER_PATH)/InsightApp";
			};
			name = Debug;
		};
		A10000012334567800000056 /* Release */ = {
			isa = XCBuildConfiguration;
			buildSettings = {
				BUNDLE_LOADER = "$(TEST_HOST)";
				CODE_SIGN_STYLE = Automatic;
				CURRENT_PROJECT_VERSION = 1;
				DEVELOPMENT_TEAM = "";
				GENERATE_INFOPLIST_FILE = YES;
				IPHONEOS_DEPLOYMENT_TARGET = 18.0;
				MACOSX_DEPLOYMENT_TARGET = 15.0;
				MARKETING_VERSION = 1.0;
				PRODUCT_BUNDLE_IDENTIFIER = com.yourname.InsightAppTests;
				PRODUCT_NAME = "$(TARGET_NAME)";
				SDKROOT = auto;
				SUPPORTED_PLATFORMS = "iphoneos iphonesimulator macosx";
				SUPPORTS_MACCATALYST = NO;
				SUPPORTS_MAC_DESIGNED_FOR_IPHONE_IPAD = NO;
				SWIFT_EMIT_LOC_STRINGS = NO;
				SWIFT_VERSION = 6.0;
				TARGETED_DEVICE_FAMILY = "1,2";
				TEST_HOST = "$(BUILT_PRODUCTS_DIR)/InsightApp.app/$(BUNDLE_EXECUTABLE_FOLDER_PATH)/InsightApp";
			};
			name = Release;
		};
/* End XCBuildConfiguration section */

/* Begin XCConfigurationList section */
		A10000012334567800000060 /* Build configuration list for PBXNativeTarget "InsightApp" */ = {
			isa = XCConfigurationList;
			buildConfigurations = (
				A10000012334567800000053 /* Debug */,
				A10000012334567800000054 /* Release */,
			);
			defaultConfigurationIsVisible = 0;
			defaultConfigurationName = Release;
		};
		A10000012334567800000061 /* Build configuration list for PBXProject "InsightApp" */ = {
			isa = XCConfigurationList;
			buildConfigurations = (
				A10000012334567800000051 /* Debug */,
				A10000012334567800000052 /* Release */,
			);
			defaultConfigurationIsVisible = 0;
			defaultConfigurationName = Release;
		};
		A10000012334567800000063 /* Build configuration list for PBXNativeTarget "InsightAppTests" */ = {
			isa = XCConfigurationList;
			buildConfigurations = (
				A10000012334567800000055 /* Debug */,
				A10000012334567800000056 /* Release */,
			);
			defaultConfigurationIsVisible = 0;
			defaultConfigurationName = Release;
		};
/* End XCConfigurationList section */
	};
	rootObject = A10000012334567800000001 /* Project object */;
}
